
Microsoft Visual Studio Solution File, Format Version 12.00
# Visual Studio Version 17
VisualStudioVersion = 17.4.33110.190
MinimumVisualStudioVersion = 10.0.40219.1
Project("{FAE04EC0-301F-11D3-BF4B-00C04F79EFBC}") = "CSharpShop3", "CSharpShop3\CSharpShop3.csproj", "{60AFB3A4-21B3-4833-A290-A03AA9D3E268}"
EndProject
Global
	GlobalSection(SolutionConfigurationPlatforms) = preSolution
		Debug|Any CPU = Debug|Any CPU
		Release|Any CPU = Release|Any CPU
	EndGlobalSection
	GlobalSection(ProjectConfigurationPlatforms) = postSolution
		{60AFB3A4-21B3-4833-A290-A03AA9D3E268}.Debug|Any CPU.ActiveCfg = Debug|Any CPU
		{60AFB3A4-21B3-4833-A290-A03AA9D3E268}.Debug|Any CPU.Build.0 = Debug|Any CPU
		{60AFB3A4-21B3-4833-A290-A03AA9D3E268}.Release|Any CPU.ActiveCfg = Release|Any CPU
		{60AFB3A4-21B3-4833-A290-A03AA9D3E268}.Release|Any CPU.Build.0 = Release|Any CPU
	EndGlobalSection
	GlobalSection(SolutionProperties) = preSolution
		HideSolutionNode = FALSE
	EndGlobalSection
	GlobalSection(ExtensibilityGlobals) = postSolution
		SolutionGuid = {0D9383A1-1140-41E0-964F-4100FD10D704}
	EndGlobalSection
EndGlobal
